<?xml version="1.0" encoding="utf-8"?>
<Project ToolsVersion="4.0" xmlns="http://schemas.microsoft.com/developer/msbuild/2003">
  <ItemGroup>
    <Filter Include="Source Files">
      <UniqueIdentifier>{4FC737F1-C7A5-4376-A066-2A32D752A2FF}</UniqueIdentifier>
      <Extensions>cpp;c;cc;cxx;c++;cppm;ixx;def;odl;idl;hpj;bat;asm;asmx</Extensions>
    </Filter>
    <Filter Include="Header Files">
      <UniqueIdentifier>{93995380-89BD-4b04-88EB-625FBE52EBFB}</UniqueIdentifier>
      <Extensions>h;hh;hpp;hxx;h++;hm;inl;inc;ipp;xsd</Extensions>
    </Filter>
    <Filter Include="Resource Files">
      <UniqueIdentifier>{67DA6AB6-F800-4c08-8B7A-83BB121AAD01}</UniqueIdentifier>
      <Extensions>rc;ico;cur;bmp;dlg;rc2;rct;bin;rgs;gif;jpg;jpeg;jpe;resx;tiff;tif;png;wav;mfcribbon-ms</Extensions>
    </Filter>
    <Filter Include="Source Files\resources">
      <UniqueIdentifier>{e98d4fef-9525-4276-bff0-7d692fa800db}</UniqueIdentifier>
    </Filter>
    <Filter Include="Header Files\resources">
      <UniqueIdentifier>{42491016-0fca-4433-a3a3-f427725eb410}</UniqueIdentifier>
    </Filter>
    <Filter Include="Header Files\scenes">
      <UniqueIdentifier>{40e5e2eb-7bab-47f2-b2ea-91addb9235d9}</UniqueIdentifier>
    </Filter>
    <Filter Include="Source Files\scenes">
      <UniqueIdentifier>{ea7c3f81-5321-43e8-b774-2179e4774400}</UniqueIdentifier>
    </Filter>
    <Filter Include="Resource Files\fonts">
      <UniqueIdentifier>{c4588629-48a8-4ea9-a628-83a8277f8989}</UniqueIdentifier>
    </Filter>
    <Filter Include="Header Files\stages">
      <UniqueIdentifier>{aa9b77df-3b5a-4633-b4dd-2ea2bcc4aded}</UniqueIdentifier>
    </Filter>
    <Filter Include="Source Files\stages">
      <UniqueIdentifier>{0418d3c1-c7d2-4d5e-8f95-4c56a428ae49}</UniqueIdentifier>
    </Filter>
    <Filter Include="Resource Files\textures">
      <UniqueIdentifier>{4f1d0bb4-20ce-45d7-88ea-465ce052ac0c}</UniqueIdentifier>
    </Filter>
    <Filter Include="Resource Files\textures\tilesets">
      <UniqueIdentifier>{3b4069f3-ff67-4fc3-b0bb-7666e375996d}</UniqueIdentifier>
    </Filter>
    <Filter Include="Resource Files\textures\player">
      <UniqueIdentifier>{6bcc8a0c-db69-4afb-a31d-7d6c451ab112}</UniqueIdentifier>
    </Filter>
    <Filter Include="Header Files\actors">
      <UniqueIdentifier>{856dda45-6d1c-47b9-8d7c-a7c007034c4f}</UniqueIdentifier>
    </Filter>
    <Filter Include="Source Files\actors">
      <UniqueIdentifier>{8f507f40-94ac-431d-81ae-cdc678920476}</UniqueIdentifier>
    </Filter>
    <Filter Include="Header Files\misc">
      <UniqueIdentifier>{088f5eec-3384-4e39-91d5-3ccdf2697091}</UniqueIdentifier>
    </Filter>
    <Filter Include="Source Files\misc">
      <UniqueIdentifier>{86ecc6c3-be7f-4110-9d7b-b9da6beb133b}</UniqueIdentifier>
    </Filter>
    <Filter Include="Header Files\FSM">
      <UniqueIdentifier>{120bf80e-83ea-42b8-89c1-3319b4b6b536}</UniqueIdentifier>
    </Filter>
    <Filter Include="Source Files\FSM">
      <UniqueIdentifier>{2f3e2139-cf97-4cbf-a63c-6d36a56b8430}</UniqueIdentifier>
    </Filter>
    <Filter Include="Resource Files\anims">
      <UniqueIdentifier>{f7138550-9576-4f38-a577-18eaf884fbb1}</UniqueIdentifier>
    </Filter>
    <Filter Include="Header Files\FSM\derived">
      <UniqueIdentifier>{75b07a88-d665-40b5-b9a3-e9161ec96562}</UniqueIdentifier>
    </Filter>
    <Filter Include="Header Files\tilemap">
      <UniqueIdentifier>{46ae4c6b-c0bd-4bb8-b254-2d347190a23c}</UniqueIdentifier>
    </Filter>
    <Filter Include="Source Files\tilemap">
      <UniqueIdentifier>{d0ff417a-1ff2-4fe5-96bc-b85721d474df}</UniqueIdentifier>
    </Filter>
    <Filter Include="Resource Files\tilesets">
      <UniqueIdentifier>{f699f1c8-3774-42e1-80d7-85e023d8fdda}</UniqueIdentifier>
    </Filter>
    <Filter Include="Resource Files\textures\enemies">
      <UniqueIdentifier>{da5a1eb9-2f68-4204-ab5d-04f14e24fe33}</UniqueIdentifier>
    </Filter>
    <Filter Include="Resource Files\anims\enemies">
      <UniqueIdentifier>{f582f15c-2df5-4898-b78a-4ffaf0ba895e}</UniqueIdentifier>
    </Filter>
    <Filter Include="Header Files\weapons">
      <UniqueIdentifier>{b3f7b2f9-a016-4df3-935b-b7068bbca0a2}</UniqueIdentifier>
    </Filter>
    <Filter Include="Header Files\weapons\projectiles">
      <UniqueIdentifier>{e15b101b-3299-46fd-8d2d-448f30e2c641}</UniqueIdentifier>
    </Filter>
    <Filter Include="Header Files\weapons\projectiles\horizontal">
      <UniqueIdentifier>{242a16ba-b936-4d35-b2bd-26d8a9af23d2}</UniqueIdentifier>
    </Filter>
    <Filter Include="Source Files\weapons">
      <UniqueIdentifier>{448cd1e6-e6d6-4a7c-9bcd-b36914e9e9e8}</UniqueIdentifier>
    </Filter>
    <Filter Include="Source Files\weapons\projectiles">
      <UniqueIdentifier>{4fe74233-0258-4a65-8dea-04135790fc90}</UniqueIdentifier>
    </Filter>
    <Filter Include="Resource Files\textures\projectiles">
      <UniqueIdentifier>{d17493e7-84a7-48ff-8881-c08b68821643}</UniqueIdentifier>
    </Filter>
    <Filter Include="Resource Files\anims\bullets">
      <UniqueIdentifier>{1bdd4b65-2eb1-4b45-a6f1-94d9fb3647fe}</UniqueIdentifier>
    </Filter>
    <Filter Include="Resource Files\anims\anchors">
      <UniqueIdentifier>{de5eb291-6120-4ce6-b68d-f7906a57cabf}</UniqueIdentifier>
    </Filter>
    <Filter Include="Resource Files\sfx">
      <UniqueIdentifier>{978ca508-9c81-4b8e-927f-a648ebffe786}</UniqueIdentifier>
    </Filter>
  </ItemGroup>
  <ItemGroup>
    <Font Include="assets\fonts\Crusty.ttf">
      <Filter>Resource Files\fonts</Filter>
    </Font>
  </ItemGroup>
  <ItemGroup>
    <ClCompile Include="main.cpp">
      <Filter>Source Files</Filter>
    </ClCompile>
    <ClCompile Include="source\stages\IntroStage.cpp">
      <Filter>Source Files\stages</Filter>
    </ClCompile>
    <ClCompile Include="source\stages\Stage.cpp">
      <Filter>Source Files\stages</Filter>
    </ClCompile>
    <ClCompile Include="source\resources\Cfg.cpp">
      <Filter>Source Files\resources</Filter>
    </ClCompile>
    <ClCompile Include="source\scenes\MenuScene.cpp">
      <Filter>Source Files\scenes</Filter>
    </ClCompile>
    <ClCompile Include="source\scenes\OverScene.cpp">
      <Filter>Source Files\scenes</Filter>
    </ClCompile>
    <ClCompile Include="source\scenes\PausedScene.cpp">
      <Filter>Source Files\scenes</Filter>
    </ClCompile>
    <ClCompile Include="source\scenes\PlayScene.cpp">
      <Filter>Source Files\scenes</Filter>
    </ClCompile>
    <ClCompile Include="source\scenes\Scene.cpp">
      <Filter>Source Files\scenes</Filter>
    </ClCompile>
    <ClCompile Include="source\scenes\SceneMgr.cpp">
      <Filter>Source Files\scenes</Filter>
    </ClCompile>
    <ClCompile Include="source\scenes\SplashScene.cpp">
      <Filter>Source Files\scenes</Filter>
    </ClCompile>
    <ClCompile Include="source\scenes\TitleScene.cpp">
      <Filter>Source Files\scenes</Filter>
    </ClCompile>
    <ClCompile Include="source\actors\Player.cpp">
      <Filter>Source Files\actors</Filter>
    </ClCompile>
    <ClCompile Include="source\misc\Animation.cpp">
      <Filter>Source Files\misc</Filter>
    </ClCompile>
    <ClCompile Include="source\misc\AnimObject.cpp">
      <Filter>Source Files\misc</Filter>
    </ClCompile>
    <ClCompile Include="source\misc\GameObject.cpp">
      <Filter>Source Files\misc</Filter>
    </ClCompile>
    <ClCompile Include="source\misc\globals.cpp">
      <Filter>Source Files\misc</Filter>
    </ClCompile>
    <ClCompile Include="source\misc\Camera.cpp">
      <Filter>Source Files\misc</Filter>
    </ClCompile>
    <ClCompile Include="source\misc\Animator.cpp">
      <Filter>Source Files\misc</Filter>
    </ClCompile>
    <ClCompile Include="source\FSM\FSMEvent.cpp">
      <Filter>Source Files\FSM</Filter>
    </ClCompile>
    <ClCompile Include="source\tilemap\Tile.cpp">
      <Filter>Source Files\tilemap</Filter>
    </ClCompile>
    <ClCompile Include="source\tilemap\Tilemap.cpp">
      <Filter>Source Files\tilemap</Filter>
    </ClCompile>
    <ClCompile Include="source\tilemap\Tileset.cpp">
      <Filter>Source Files\tilemap</Filter>
    </ClCompile>
    <ClCompile Include="source\misc\Phys.cpp">
      <Filter>Source Files\misc</Filter>
    </ClCompile>
    <ClCompile Include="source\actors\SmileyJoe.cpp">
      <Filter>Source Files\actors</Filter>
    </ClCompile>
    <ClCompile Include="source\misc\ShooterObject.cpp">
      <Filter>Source Files\misc</Filter>
    </ClCompile>
    <ClCompile Include="source\weapons\projectiles\Projectile.cpp">
      <Filter>Source Files\weapons\projectiles</Filter>
    </ClCompile>
    <ClCompile Include="include\weapons\projectiles\horizontal\BusterBullet.cpp">
      <Filter>Source Files</Filter>
    </ClCompile>
  </ItemGroup>
  <ItemGroup>
    <ClInclude Include="include\stages\IntroStage.h">
      <Filter>Header Files\stages</Filter>
    </ClInclude>
    <ClInclude Include="include\stages\Stage.h">
      <Filter>Header Files\stages</Filter>
    </ClInclude>
    <ClInclude Include="include\resources\Cfg.h">
      <Filter>Header Files\resources</Filter>
    </ClInclude>
    <ClInclude Include="include\resources\ResourceMgr.h">
      <Filter>Header Files\resources</Filter>
    </ClInclude>
    <ClInclude Include="include\scenes\MenuScene.h">
      <Filter>Header Files\scenes</Filter>
    </ClInclude>
    <ClInclude Include="include\scenes\OverScene.h">
      <Filter>Header Files\scenes</Filter>
    </ClInclude>
    <ClInclude Include="include\scenes\PausedScene.h">
      <Filter>Header Files\scenes</Filter>
    </ClInclude>
    <ClInclude Include="include\scenes\PlayScene.h">
      <Filter>Header Files\scenes</Filter>
    </ClInclude>
    <ClInclude Include="include\scenes\Scene.h">
      <Filter>Header Files\scenes</Filter>
    </ClInclude>
    <ClInclude Include="include\scenes\SceneMgr.h">
      <Filter>Header Files\scenes</Filter>
    </ClInclude>
    <ClInclude Include="include\scenes\SplashScene.h">
      <Filter>Header Files\scenes</Filter>
    </ClInclude>
    <ClInclude Include="include\scenes\TitleScene.h">
      <Filter>Header Files\scenes</Filter>
    </ClInclude>
    <ClInclude Include="include\scenes\SceneName.h">
      <Filter>Header Files\scenes</Filter>
    </ClInclude>
    <ClInclude Include="include\actors\Player.h">
      <Filter>Header Files\actors</Filter>
    </ClInclude>
    <ClInclude Include="include\misc\Animation.h">
      <Filter>Header Files\misc</Filter>
    </ClInclude>
    <ClInclude Include="include\misc\AnimObject.h">
      <Filter>Header Files\misc</Filter>
    </ClInclude>
    <ClInclude Include="include\misc\GameObject.h">
      <Filter>Header Files\misc</Filter>
    </ClInclude>
    <ClInclude Include="include\misc\globals.h">
      <Filter>Header Files\misc</Filter>
    </ClInclude>
    <ClInclude Include="include\misc\Camera.h">
      <Filter>Header Files\misc</Filter>
    </ClInclude>
    <ClInclude Include="include\misc\Animator.h">
      <Filter>Header Files\misc</Filter>
    </ClInclude>
    <ClInclude Include="include\FSM\DuckFold.h">
      <Filter>Header Files\FSM</Filter>
    </ClInclude>
    <ClInclude Include="include\FSM\FSM.h">
      <Filter>Header Files\FSM</Filter>
    </ClInclude>
    <ClInclude Include="include\FSM\PlayerAnimFSM.h">
      <Filter>Header Files\FSM\derived</Filter>
    </ClInclude>
    <ClInclude Include="include\FSM\AnimStates.h">
      <Filter>Header Files\FSM</Filter>
    </ClInclude>
    <ClInclude Include="include\FSM\StateUtil.h">
      <Filter>Header Files\FSM</Filter>
    </ClInclude>
    <ClInclude Include="include\FSM\FSMEvent.h">
      <Filter>Header Files\FSM</Filter>
    </ClInclude>
    <ClInclude Include="include\FSM\Events.h">
      <Filter>Header Files\FSM</Filter>
    </ClInclude>
    <ClInclude Include="include\tilemap\Tile.h">
      <Filter>Header Files\tilemap</Filter>
    </ClInclude>
    <ClInclude Include="include\tilemap\Tilemap.h">
      <Filter>Header Files\tilemap</Filter>
    </ClInclude>
    <ClInclude Include="include\tilemap\Tileset.h">
      <Filter>Header Files\tilemap</Filter>
    </ClInclude>
    <ClInclude Include="include\stages\StageName.h">
      <Filter>Header Files\stages</Filter>
    </ClInclude>
    <ClInclude Include="include\misc\Phys.h">
      <Filter>Header Files\misc</Filter>
    </ClInclude>
    <ClInclude Include="include\actors\ShootableObject.h">
      <Filter>Header Files\actors</Filter>
    </ClInclude>
    <ClInclude Include="include\actors\SmileyJoe.h">
      <Filter>Header Files\actors</Filter>
    </ClInclude>
    <ClInclude Include="include\FSM\SmileyJoeFSM.h">
      <Filter>Header Files\FSM\derived</Filter>
    </ClInclude>
    <ClInclude Include="include\weapons\Weapon.h">
      <Filter>Header Files\weapons</Filter>
    </ClInclude>
    <ClInclude Include="include\weapons\projectiles\Projectile.h">
      <Filter>Header Files\weapons\projectiles</Filter>
    </ClInclude>
    <ClInclude Include="include\weapons\projectiles\horizontal\HorizontalWeapon.h">
      <Filter>Header Files\weapons\projectiles\horizontal</Filter>
    </ClInclude>
    <ClInclude Include="include\weapons\projectiles\horizontal\BusterBullet.h">
      <Filter>Header Files\weapons\projectiles\horizontal</Filter>
    </ClInclude>
    <ClInclude Include="include\misc\ShooterObject.h">
      <Filter>Header Files\misc</Filter>
    </ClInclude>
    <ClInclude Include="include\FSM\BusterBulletFSM.h">
      <Filter>Header Files\FSM\derived</Filter>
    </ClInclude>
  </ItemGroup>
  <ItemGroup>
    <Image Include="assets\textures\tilesets\Tiles.png">
      <Filter>Resource Files\textures\tilesets</Filter>
    </Image>
    <Image Include="assets\textures\player\Vegeta.png">
      <Filter>Resource Files\textures\player</Filter>
    </Image>
    <Image Include="assets\textures\player\vegeta_sheet.png">
      <Filter>Resource Files\textures\player</Filter>
    </Image>
    <Image Include="assets\textures\player\PlayerAtlas.png">
      <Filter>Resource Files\textures\player</Filter>
    </Image>
    <Image Include="assets\textures\enemies\SmileyJoe1.png">
      <Filter>Resource Files\textures\enemies</Filter>
    </Image>
    <Image Include="assets\textures\tilesets\Tileset64x64.png">
      <Filter>Resource Files\textures\tilesets</Filter>
    </Image>
    <Image Include="assets\textures\tilesets\BasicGreen.png">
      <Filter>Resource Files\textures\tilesets</Filter>
    </Image>
    <Image Include="assets\textures\projectiles\busterBullet.png">
      <Filter>Resource Files\textures\projectiles</Filter>
    </Image>
  </ItemGroup>
  <ItemGroup>
    <None Include="assets\anims\player.anm">
      <Filter>Resource Files\anims</Filter>
    </None>
    <None Include="assets\anims\megaman.anm">
      <Filter>Resource Files\anims</Filter>
    </None>
    <None Include="assets\tilesets\Intro.tst">
      <Filter>Resource Files\tilesets</Filter>
    </None>
    <None Include="assets\anims\enemies\SmileyJoe.anm">
      <Filter>Resource Files\anims\enemies</Filter>
    </None>
    <None Include="assets\tilesets\Intro64.tst">
      <Filter>Resource Files\tilesets</Filter>
    </None>
    <None Include="assets\tilesets\BasicGreene.tst">
      <Filter>Resource Files\tilesets</Filter>
    </None>
    <None Include="assets\anims\bullets\BusterBullet.anm">
      <Filter>Resource Files\anims\bullets</Filter>
    </None>
    <None Include="assets\anims\anchors\player.anc">
      <Filter>Resource Files\anims\anchors</Filter>
    </None>
  </ItemGroup>
  <ItemGroup>
    <Media Include="assets\sfx\bigdmg.wav">
      <Filter>Resource Files\sfx</Filter>
    </Media>
    <Media Include="assets\sfx\die.wav">
      <Filter>Resource Files\sfx</Filter>
    </Media>
    <Media Include="assets\sfx\hurt.wav">
      <Filter>Resource Files\sfx</Filter>
    </Media>
    <Media Include="assets\sfx\intro.wav">
      <Filter>Resource Files\sfx</Filter>
    </Media>
    <Media Include="assets\sfx\jump.wav">
      <Filter>Resource Files\sfx</Filter>
    </Media>
    <Media Include="assets\sfx\land.wav">
      <Filter>Resource Files\sfx</Filter>
    </Media>
    <Media Include="assets\sfx\shot1.wav">
      <Filter>Resource Files\sfx</Filter>
    </Media>
    <Media Include="assets\sfx\smalldmg.wav">
      <Filter>Resource Files\sfx</Filter>
    </Media>
  </ItemGroup>
</Project>